
Microsoft Visual Studio Solution File, Format Version 12.00
# Visual Studio Version 17
VisualStudioVersion = 17.0.31903.59
MinimumVisualStudioVersion = 10.0.40219.1
Project("{2150E333-8FDC-42A3-9474-1A3956D46DE8}") = "src", "src", "{CFC43C51-97A7-40D2-9C72-6F65FBEA1157}"
EndProject
Project("{2150E333-8FDC-42A3-9474-1A3956D46DE8}") = "backend", "backend", "{CF796429-3375-4800-8F1C-BCC3C15F88E0}"
EndProject
Project("{2150E333-8FDC-42A3-9474-1A3956D46DE8}") = "ProjectOne", "ProjectOne", "{A07D9EA7-93C0-4205-A157-05C591BC972E}"
EndProject
Project("{9A19103F-16F7-4668-BE54-9A1E7A4F7556}") = "ProjectOne.API", "src\backend\ProjectOne\ProjectOne.API\ProjectOne.API.csproj", "{870FEDD9-5441-4CFD-8095-FF22420879DD}"
EndProject
Project("{9A19103F-16F7-4668-BE54-9A1E7A4F7556}") = "GateAway.API", "src\backend\GateAway.API\GateAway.API.csproj", "{B655E871-A2F2-4649-B112-B235BB5E83C5}"
EndProject
Project("{2150E333-8FDC-42A3-9474-1A3956D46DE8}") = "ProjectTwo", "ProjectTwo", "{F1D91623-3DE6-4077-A588-9CFCBC0F2629}"
EndProject
Project("{FAE04EC0-301F-11D3-BF4B-00C04F79EFBC}") = "ProjectTwo.API", "src\backend\ProjectTwo\ProjectTwo.API\ProjectTwo.API.csproj", "{247FAEC2-6E90-4097-A05F-3E2A5C3BE50F}"
EndProject
Project("{2150E333-8FDC-42A3-9474-1A3956D46DE8}") = "ProjectThree", "ProjectThree", "{EA2FEA33-A656-4FBD-A0E2-46DF1AD466E0}"
EndProject
Project("{FAE04EC0-301F-11D3-BF4B-00C04F79EFBC}") = "ProjectThree.API", "src\backend\ProjectThree\ProjectThree.API\ProjectThree.API.csproj", "{329BCA80-3A11-445C-9739-9EE4F07CD006}"
EndProject
Global
	GlobalSection(SolutionConfigurationPlatforms) = preSolution
		Debug|Any CPU = Debug|Any CPU
		Release|Any CPU = Release|Any CPU
	EndGlobalSection
	GlobalSection(ProjectConfigurationPlatforms) = postSolution
		{870FEDD9-5441-4CFD-8095-FF22420879DD}.Debug|Any CPU.ActiveCfg = Debug|Any CPU
		{870FEDD9-5441-4CFD-8095-FF22420879DD}.Debug|Any CPU.Build.0 = Debug|Any CPU
		{870FEDD9-5441-4CFD-8095-FF22420879DD}.Release|Any CPU.ActiveCfg = Release|Any CPU
		{870FEDD9-5441-4CFD-8095-FF22420879DD}.Release|Any CPU.Build.0 = Release|Any CPU
		{B655E871-A2F2-4649-B112-B235BB5E83C5}.Debug|Any CPU.ActiveCfg = Debug|Any CPU
		{B655E871-A2F2-4649-B112-B235BB5E83C5}.Debug|Any CPU.Build.0 = Debug|Any CPU
		{B655E871-A2F2-4649-B112-B235BB5E83C5}.Release|Any CPU.ActiveCfg = Release|Any CPU
		{B655E871-A2F2-4649-B112-B235BB5E83C5}.Release|Any CPU.Build.0 = Release|Any CPU
		{247FAEC2-6E90-4097-A05F-3E2A5C3BE50F}.Debug|Any CPU.ActiveCfg = Debug|Any CPU
		{247FAEC2-6E90-4097-A05F-3E2A5C3BE50F}.Debug|Any CPU.Build.0 = Debug|Any CPU
		{247FAEC2-6E90-4097-A05F-3E2A5C3BE50F}.Release|Any CPU.ActiveCfg = Release|Any CPU
		{247FAEC2-6E90-4097-A05F-3E2A5C3BE50F}.Release|Any CPU.Build.0 = Release|Any CPU
		{329BCA80-3A11-445C-9739-9EE4F07CD006}.Debug|Any CPU.ActiveCfg = Debug|Any CPU
		{329BCA80-3A11-445C-9739-9EE4F07CD006}.Debug|Any CPU.Build.0 = Debug|Any CPU
		{329BCA80-3A11-445C-9739-9EE4F07CD006}.Release|Any CPU.ActiveCfg = Release|Any CPU
		{329BCA80-3A11-445C-9739-9EE4F07CD006}.Release|Any CPU.Build.0 = Release|Any CPU
	EndGlobalSection
	GlobalSection(SolutionProperties) = preSolution
		HideSolutionNode = FALSE
	EndGlobalSection
	GlobalSection(NestedProjects) = preSolution
		{CF796429-3375-4800-8F1C-BCC3C15F88E0} = {CFC43C51-97A7-40D2-9C72-6F65FBEA1157}
		{A07D9EA7-93C0-4205-A157-05C591BC972E} = {CF796429-3375-4800-8F1C-BCC3C15F88E0}
		{870FEDD9-5441-4CFD-8095-FF22420879DD} = {A07D9EA7-93C0-4205-A157-05C591BC972E}
		{B655E871-A2F2-4649-B112-B235BB5E83C5} = {CF796429-3375-4800-8F1C-BCC3C15F88E0}
		{F1D91623-3DE6-4077-A588-9CFCBC0F2629} = {CF796429-3375-4800-8F1C-BCC3C15F88E0}
		{247FAEC2-6E90-4097-A05F-3E2A5C3BE50F} = {F1D91623-3DE6-4077-A588-9CFCBC0F2629}
		{EA2FEA33-A656-4FBD-A0E2-46DF1AD466E0} = {CF796429-3375-4800-8F1C-BCC3C15F88E0}
		{329BCA80-3A11-445C-9739-9EE4F07CD006} = {EA2FEA33-A656-4FBD-A0E2-46DF1AD466E0}
	EndGlobalSection
	GlobalSection(ExtensibilityGlobals) = postSolution
		SolutionGuid = {CFABAC09-2F94-4022-8C1E-781E652F2C9A}
	EndGlobalSection
EndGlobal
